
Microsoft Visual Studio Solution File, Format Version 12.00
# Visual Studio Version 16
VisualStudioVersion = 25.0.1706.8
MinimumVisualStudioVersion = 10.0.40219.1
Project("{FAE04EC0-301F-11D3-BF4B-00C04F79EFBC}") = "Agora.Net.MediaplayerKit.iOS", "Agora.Net.MediaplayerKit.iOS.csproj", "{503538D9-6B16-46F2-8191-764D9BD00D50}"
EndProject
Global
	GlobalSection(SolutionConfigurationPlatforms) = preSolution
		Debug|Any CPU = Debug|Any CPU
		Release|Any CPU = Release|Any CPU
	EndGlobalSection
	GlobalSection(ProjectConfigurationPlatforms) = postSolution
		{503538D9-6B16-46F2-8191-764D9BD00D50}.Debug|Any CPU.ActiveCfg = Debug|Any CPU
		{503538D9-6B16-46F2-8191-764D9BD00D50}.Debug|Any CPU.Build.0 = Debug|Any CPU
		{503538D9-6B16-46F2-8191-764D9BD00D50}.Release|Any CPU.ActiveCfg = Release|Any CPU
		{503538D9-6B16-46F2-8191-764D9BD00D50}.Release|Any CPU.Build.0 = Release|Any CPU
	EndGlobalSection
	GlobalSection(SolutionProperties) = preSolution
		HideSolutionNode = FALSE
	EndGlobalSection
	GlobalSection(ExtensibilityGlobals) = postSolution
		SolutionGuid = {A71F0F07-F2E6-40F4-BE18-8D2481FA3B5A}
	EndGlobalSection
EndGlobal
