
Microsoft Visual Studio Solution File, Format Version 12.00
# Visual Studio Version 16
VisualStudioVersion = 25.0.1706.8
MinimumVisualStudioVersion = 10.0.40219.1
Project("{FAE04EC0-301F-11D3-BF4B-00C04F79EFBC}") = "Agora.Net.Voice.Mac", "Agora.Net.Voice.Mac.csproj", "{33E2AEC8-F395-4355-9970-42B2140EF24A}"
EndProject
Global
	GlobalSection(SolutionConfigurationPlatforms) = preSolution
		Debug|Any CPU = Debug|Any CPU
		Release|Any CPU = Release|Any CPU
	EndGlobalSection
	GlobalSection(ProjectConfigurationPlatforms) = postSolution
		{33E2AEC8-F395-4355-9970-42B2140EF24A}.Debug|Any CPU.ActiveCfg = Debug|Any CPU
		{33E2AEC8-F395-4355-9970-42B2140EF24A}.Debug|Any CPU.Build.0 = Debug|Any CPU
		{33E2AEC8-F395-4355-9970-42B2140EF24A}.Release|Any CPU.ActiveCfg = Release|Any CPU
		{33E2AEC8-F395-4355-9970-42B2140EF24A}.Release|Any CPU.Build.0 = Release|Any CPU
	EndGlobalSection
	GlobalSection(SolutionProperties) = preSolution
		HideSolutionNode = FALSE
	EndGlobalSection
	GlobalSection(ExtensibilityGlobals) = postSolution
		SolutionGuid = {EF602305-4595-465A-A52D-02615E7F9D0B}
	EndGlobalSection
EndGlobal
