
Microsoft Visual Studio Solution File, Format Version 12.00
# Visual Studio Version 16
VisualStudioVersion = 25.0.1706.8
MinimumVisualStudioVersion = 10.0.40219.1
Project("{FAE04EC0-301F-11D3-BF4B-00C04F79EFBC}") = "Agora.Net.Voice.iOS", "Agora.Net.Voice.iOS.csproj", "{E029AC12-A10F-44BB-8E36-AEDF52B2E83B}"
EndProject
Global
	GlobalSection(SolutionConfigurationPlatforms) = preSolution
		Debug|Any CPU = Debug|Any CPU
		Release|Any CPU = Release|Any CPU
	EndGlobalSection
	GlobalSection(ProjectConfigurationPlatforms) = postSolution
		{E029AC12-A10F-44BB-8E36-AEDF52B2E83B}.Debug|Any CPU.ActiveCfg = Debug|Any CPU
		{E029AC12-A10F-44BB-8E36-AEDF52B2E83B}.Debug|Any CPU.Build.0 = Debug|Any CPU
		{E029AC12-A10F-44BB-8E36-AEDF52B2E83B}.Release|Any CPU.ActiveCfg = Release|Any CPU
		{E029AC12-A10F-44BB-8E36-AEDF52B2E83B}.Release|Any CPU.Build.0 = Release|Any CPU
	EndGlobalSection
	GlobalSection(SolutionProperties) = preSolution
		HideSolutionNode = FALSE
	EndGlobalSection
	GlobalSection(ExtensibilityGlobals) = postSolution
		SolutionGuid = {FB1C4602-6EA9-4553-9FBB-1522E61B0215}
	EndGlobalSection
EndGlobal
