
Microsoft Visual Studio Solution File, Format Version 12.00
# Visual Studio Version 16
VisualStudioVersion = 25.0.1706.8
MinimumVisualStudioVersion = 10.0.40219.1
Project("{FAE04EC0-301F-11D3-BF4B-00C04F79EFBC}") = "Agora.Net.MediaplayerKit.Mac", "Agora.Net.MediaplayerKit.Mac.csproj", "{BC2E92E3-23A3-431D-BC7D-5BA25F5349D2}"
EndProject
Global
	GlobalSection(SolutionConfigurationPlatforms) = preSolution
		Debug|Any CPU = Debug|Any CPU
		Release|Any CPU = Release|Any CPU
	EndGlobalSection
	GlobalSection(ProjectConfigurationPlatforms) = postSolution
		{BC2E92E3-23A3-431D-BC7D-5BA25F5349D2}.Debug|Any CPU.ActiveCfg = Debug|Any CPU
		{BC2E92E3-23A3-431D-BC7D-5BA25F5349D2}.Debug|Any CPU.Build.0 = Debug|Any CPU
		{BC2E92E3-23A3-431D-BC7D-5BA25F5349D2}.Release|Any CPU.ActiveCfg = Release|Any CPU
		{BC2E92E3-23A3-431D-BC7D-5BA25F5349D2}.Release|Any CPU.Build.0 = Release|Any CPU
	EndGlobalSection
	GlobalSection(SolutionProperties) = preSolution
		HideSolutionNode = FALSE
	EndGlobalSection
	GlobalSection(ExtensibilityGlobals) = postSolution
		SolutionGuid = {65DCAF2A-3AE9-4699-A6A5-5A6725BA81D6}
	EndGlobalSection
EndGlobal
