
Microsoft Visual Studio Solution File, Format Version 12.00
# Visual Studio Version 16
VisualStudioVersion = 25.0.1706.8
MinimumVisualStudioVersion = 10.0.40219.1
Project("{FAE04EC0-301F-11D3-BF4B-00C04F79EFBC}") = "Agora.Net.Chat.iOS", "Agora.Net.Chat.iOS.csproj", "{09F9BB9F-7F7B-46FF-98D3-EBCFE16B385E}"
EndProject
Global
	GlobalSection(SolutionConfigurationPlatforms) = preSolution
		Debug|Any CPU = Debug|Any CPU
		Release|Any CPU = Release|Any CPU
	EndGlobalSection
	GlobalSection(ProjectConfigurationPlatforms) = postSolution
		{09F9BB9F-7F7B-46FF-98D3-EBCFE16B385E}.Debug|Any CPU.ActiveCfg = Debug|Any CPU
		{09F9BB9F-7F7B-46FF-98D3-EBCFE16B385E}.Debug|Any CPU.Build.0 = Debug|Any CPU
		{09F9BB9F-7F7B-46FF-98D3-EBCFE16B385E}.Release|Any CPU.ActiveCfg = Release|Any CPU
		{09F9BB9F-7F7B-46FF-98D3-EBCFE16B385E}.Release|Any CPU.Build.0 = Release|Any CPU
	EndGlobalSection
	GlobalSection(SolutionProperties) = preSolution
		HideSolutionNode = FALSE
	EndGlobalSection
	GlobalSection(ExtensibilityGlobals) = postSolution
		SolutionGuid = {EAEFE36E-B602-41C8-A998-6C35FAF282D7}
	EndGlobalSection
EndGlobal
